
Microsoft Visual Studio Solution File, Format Version 12.00
# Visual Studio Version 16
VisualStudioVersion = 16.0.30711.63
MinimumVisualStudioVersion = 10.0.40219.1
Project("{FAE04EC0-301F-11D3-BF4B-00C04F79EFBC}") = "WindowsFormsApp4", "WindowsFormsApp4\WindowsFormsApp4.csproj", "{F79A9332-D836-412C-BA9D-89EF30FABD34}"
EndProject
Global
	GlobalSection(SolutionConfigurationPlatforms) = preSolution
		Debug|Any CPU = Debug|Any CPU
		Release|Any CPU = Release|Any CPU
	EndGlobalSection
	GlobalSection(ProjectConfigurationPlatforms) = postSolution
		{F79A9332-D836-412C-BA9D-89EF30FABD34}.Debug|Any CPU.ActiveCfg = Debug|Any CPU
		{F79A9332-D836-412C-BA9D-89EF30FABD34}.Debug|Any CPU.Build.0 = Debug|Any CPU
		{F79A9332-D836-412C-BA9D-89EF30FABD34}.Release|Any CPU.ActiveCfg = Release|Any CPU
		{F79A9332-D836-412C-BA9D-89EF30FABD34}.Release|Any CPU.Build.0 = Release|Any CPU
	EndGlobalSection
	GlobalSection(SolutionProperties) = preSolution
		HideSolutionNode = FALSE
	EndGlobalSection
	GlobalSection(ExtensibilityGlobals) = postSolution
		SolutionGuid = {493E0A5B-A20C-40AA-94F1-62DFA82F2902}
	EndGlobalSection
EndGlobal
